
Microsoft Visual Studio Solution File, Format Version 12.00
# Visual Studio 15
VisualStudioVersion = 15.0.27428.2015
MinimumVisualStudioVersion = 10.0.40219.1
Project("{FAE04EC0-301F-11D3-BF4B-00C04F79EFBC}") = "GaugeGettingStarted", "GaugeGettingStarted\GaugeGettingStarted.csproj", "{E784246A-7D6C-4B46-A54E-D525C3325836}"
EndProject
Global
	GlobalSection(SolutionConfigurationPlatforms) = preSolution
		Debug|Any CPU = Debug|Any CPU
		Release|Any CPU = Release|Any CPU
	EndGlobalSection
	GlobalSection(ProjectConfigurationPlatforms) = postSolution
		{E784246A-7D6C-4B46-A54E-D525C3325836}.Debug|Any CPU.ActiveCfg = Debug|Any CPU
		{E784246A-7D6C-4B46-A54E-D525C3325836}.Debug|Any CPU.Build.0 = Debug|Any CPU
		{E784246A-7D6C-4B46-A54E-D525C3325836}.Release|Any CPU.ActiveCfg = Release|Any CPU
		{E784246A-7D6C-4B46-A54E-D525C3325836}.Release|Any CPU.Build.0 = Release|Any CPU
	EndGlobalSection
	GlobalSection(SolutionProperties) = preSolution
		HideSolutionNode = FALSE
	EndGlobalSection
	GlobalSection(ExtensibilityGlobals) = postSolution
		SolutionGuid = {2EFE6BFA-C0B7-4EB2-AC07-6F022D37D731}
	EndGlobalSection
EndGlobal
